
Microsoft Visual Studio Solution File, Format Version 12.00
# Visual Studio Version 16
VisualStudioVersion = 16.0.31112.23
MinimumVisualStudioVersion = 10.0.40219.1
Project("{FAE04EC0-301F-11D3-BF4B-00C04F79EFBC}") = "MvcWeb", "MvcWeb\MvcWeb.csproj", "{9368BBB4-0FD9-4512-9A56-9DC62516AAE8}"
EndProject
Global
	GlobalSection(SolutionConfigurationPlatforms) = preSolution
		Debug|Any CPU = Debug|Any CPU
		Release|Any CPU = Release|Any CPU
	EndGlobalSection
	GlobalSection(ProjectConfigurationPlatforms) = postSolution
		{9368BBB4-0FD9-4512-9A56-9DC62516AAE8}.Debug|Any CPU.ActiveCfg = Debug|Any CPU
		{9368BBB4-0FD9-4512-9A56-9DC62516AAE8}.Debug|Any CPU.Build.0 = Debug|Any CPU
		{9368BBB4-0FD9-4512-9A56-9DC62516AAE8}.Release|Any CPU.ActiveCfg = Release|Any CPU
		{9368BBB4-0FD9-4512-9A56-9DC62516AAE8}.Release|Any CPU.Build.0 = Release|Any CPU
	EndGlobalSection
	GlobalSection(SolutionProperties) = preSolution
		HideSolutionNode = FALSE
	EndGlobalSection
	GlobalSection(ExtensibilityGlobals) = postSolution
		SolutionGuid = {A8A3F8F9-06E1-4DF8-9D05-2C1AC6A8D12E}
	EndGlobalSection
EndGlobal
