
Microsoft Visual Studio Solution File, Format Version 12.00
# Visual Studio Version 16
VisualStudioVersion = 16.0.31112.23
MinimumVisualStudioVersion = 10.0.40219.1
Project("{9A19103F-16F7-4668-BE54-9A1E7A4F7556}") = "BBSWeb", "BBSWeb\BBSWeb.csproj", "{096BA9C5-3EEC-419E-8129-9BA931F721FC}"
EndProject
Project("{9A19103F-16F7-4668-BE54-9A1E7A4F7556}") = "DbFirst", "..\DbFirst\DbFirst\DbFirst.csproj", "{24A71724-6418-4721-8B82-C04417E961F1}"
EndProject
Project("{FAE04EC0-301F-11D3-BF4B-00C04F79EFBC}") = "ServiceInstance", "..\ServiceInstance\ServiceInstance\ServiceInstance.csproj", "{14D3875B-9502-4DD1-A2CF-3BB29B70EFB0}"
EndProject
Global
	GlobalSection(SolutionConfigurationPlatforms) = preSolution
		Debug|Any CPU = Debug|Any CPU
		Release|Any CPU = Release|Any CPU
	EndGlobalSection
	GlobalSection(ProjectConfigurationPlatforms) = postSolution
		{096BA9C5-3EEC-419E-8129-9BA931F721FC}.Debug|Any CPU.ActiveCfg = Debug|Any CPU
		{096BA9C5-3EEC-419E-8129-9BA931F721FC}.Debug|Any CPU.Build.0 = Debug|Any CPU
		{096BA9C5-3EEC-419E-8129-9BA931F721FC}.Release|Any CPU.ActiveCfg = Release|Any CPU
		{096BA9C5-3EEC-419E-8129-9BA931F721FC}.Release|Any CPU.Build.0 = Release|Any CPU
		{24A71724-6418-4721-8B82-C04417E961F1}.Debug|Any CPU.ActiveCfg = Debug|Any CPU
		{24A71724-6418-4721-8B82-C04417E961F1}.Debug|Any CPU.Build.0 = Debug|Any CPU
		{24A71724-6418-4721-8B82-C04417E961F1}.Release|Any CPU.ActiveCfg = Release|Any CPU
		{24A71724-6418-4721-8B82-C04417E961F1}.Release|Any CPU.Build.0 = Release|Any CPU
		{14D3875B-9502-4DD1-A2CF-3BB29B70EFB0}.Debug|Any CPU.ActiveCfg = Debug|Any CPU
		{14D3875B-9502-4DD1-A2CF-3BB29B70EFB0}.Debug|Any CPU.Build.0 = Debug|Any CPU
		{14D3875B-9502-4DD1-A2CF-3BB29B70EFB0}.Release|Any CPU.ActiveCfg = Release|Any CPU
		{14D3875B-9502-4DD1-A2CF-3BB29B70EFB0}.Release|Any CPU.Build.0 = Release|Any CPU
	EndGlobalSection
	GlobalSection(SolutionProperties) = preSolution
		HideSolutionNode = FALSE
	EndGlobalSection
	GlobalSection(ExtensibilityGlobals) = postSolution
		SolutionGuid = {FAF2661D-2460-43F3-83DB-279F9CCC75D8}
	EndGlobalSection
EndGlobal
