
Microsoft Visual Studio Solution File, Format Version 12.00
# Visual Studio Version 16
VisualStudioVersion = 16.0.31112.23
MinimumVisualStudioVersion = 10.0.40219.1
Project("{FAE04EC0-301F-11D3-BF4B-00C04F79EFBC}") = "LyWeb", "LyWeb\LyWeb.csproj", "{AAFC9101-FD39-4166-82B0-B334CF6E89E0}"
EndProject
Project("{FAE04EC0-301F-11D3-BF4B-00C04F79EFBC}") = "Ly.Entity", "Ly.Entity\Ly.Entity.csproj", "{C926052D-934D-4F76-93BC-9F0E841FF238}"
EndProject
Project("{FAE04EC0-301F-11D3-BF4B-00C04F79EFBC}") = "Ly.IBusiness", "Ly.IBusiness\Ly.IBusiness.csproj", "{45D66D5B-8917-4017-8C04-4F5716DF5D44}"
EndProject
Project("{FAE04EC0-301F-11D3-BF4B-00C04F79EFBC}") = "Ly.Business", "Ly.Business\Ly.Business.csproj", "{E637174D-E163-4DAC-A2EC-3370D9E901B7}"
EndProject
Project("{FAE04EC0-301F-11D3-BF4B-00C04F79EFBC}") = "Ly.Core", "Ly.Core\Ly.Core.csproj", "{AF619473-B63B-4872-A6AF-268535D0DFBB}"
EndProject
Global
	GlobalSection(SolutionConfigurationPlatforms) = preSolution
		Debug|Any CPU = Debug|Any CPU
		Release|Any CPU = Release|Any CPU
	EndGlobalSection
	GlobalSection(ProjectConfigurationPlatforms) = postSolution
		{AAFC9101-FD39-4166-82B0-B334CF6E89E0}.Debug|Any CPU.ActiveCfg = Debug|Any CPU
		{AAFC9101-FD39-4166-82B0-B334CF6E89E0}.Debug|Any CPU.Build.0 = Debug|Any CPU
		{AAFC9101-FD39-4166-82B0-B334CF6E89E0}.Release|Any CPU.ActiveCfg = Release|Any CPU
		{AAFC9101-FD39-4166-82B0-B334CF6E89E0}.Release|Any CPU.Build.0 = Release|Any CPU
		{C926052D-934D-4F76-93BC-9F0E841FF238}.Debug|Any CPU.ActiveCfg = Debug|Any CPU
		{C926052D-934D-4F76-93BC-9F0E841FF238}.Debug|Any CPU.Build.0 = Debug|Any CPU
		{C926052D-934D-4F76-93BC-9F0E841FF238}.Release|Any CPU.ActiveCfg = Release|Any CPU
		{C926052D-934D-4F76-93BC-9F0E841FF238}.Release|Any CPU.Build.0 = Release|Any CPU
		{45D66D5B-8917-4017-8C04-4F5716DF5D44}.Debug|Any CPU.ActiveCfg = Debug|Any CPU
		{45D66D5B-8917-4017-8C04-4F5716DF5D44}.Debug|Any CPU.Build.0 = Debug|Any CPU
		{45D66D5B-8917-4017-8C04-4F5716DF5D44}.Release|Any CPU.ActiveCfg = Release|Any CPU
		{45D66D5B-8917-4017-8C04-4F5716DF5D44}.Release|Any CPU.Build.0 = Release|Any CPU
		{E637174D-E163-4DAC-A2EC-3370D9E901B7}.Debug|Any CPU.ActiveCfg = Debug|Any CPU
		{E637174D-E163-4DAC-A2EC-3370D9E901B7}.Debug|Any CPU.Build.0 = Debug|Any CPU
		{E637174D-E163-4DAC-A2EC-3370D9E901B7}.Release|Any CPU.ActiveCfg = Release|Any CPU
		{E637174D-E163-4DAC-A2EC-3370D9E901B7}.Release|Any CPU.Build.0 = Release|Any CPU
		{AF619473-B63B-4872-A6AF-268535D0DFBB}.Debug|Any CPU.ActiveCfg = Debug|Any CPU
		{AF619473-B63B-4872-A6AF-268535D0DFBB}.Debug|Any CPU.Build.0 = Debug|Any CPU
		{AF619473-B63B-4872-A6AF-268535D0DFBB}.Release|Any CPU.ActiveCfg = Release|Any CPU
		{AF619473-B63B-4872-A6AF-268535D0DFBB}.Release|Any CPU.Build.0 = Release|Any CPU
	EndGlobalSection
	GlobalSection(SolutionProperties) = preSolution
		HideSolutionNode = FALSE
	EndGlobalSection
	GlobalSection(ExtensibilityGlobals) = postSolution
		SolutionGuid = {35AC8112-6811-4D7C-94A4-9E1890DDADB8}
	EndGlobalSection
EndGlobal
