
Microsoft Visual Studio Solution File, Format Version 12.00
# Visual Studio Version 16
VisualStudioVersion = 16.0.29519.181
MinimumVisualStudioVersion = 10.0.40219.1
Project("{FAE04EC0-301F-11D3-BF4B-00C04F79EFBC}") = "ConsoleTest", "ConsoleTest\ConsoleTest.csproj", "{0DBA62ED-DEF9-437E-B3A2-32CA1D1A3E13}"
EndProject
Project("{2150E333-8FDC-42A3-9474-1A3956D46DE8}") = "Technique", "Technique", "{04B50EF6-1C1F-496A-9554-F173C9A1314C}"
EndProject
Project("{FAE04EC0-301F-11D3-BF4B-00C04F79EFBC}") = "TaskApp", "..\..\Technique\TaskApp\TaskApp\TaskApp.csproj", "{14D99CCD-C79A-4B0C-949D-BDC568463C0F}"
EndProject
Project("{FAE04EC0-301F-11D3-BF4B-00C04F79EFBC}") = "TaskWinform", "..\..\Technique\TaskWinform\TaskWinform.csproj", "{1B2E8ACA-A35A-43CA-9025-ED6B16FB2A7D}"
EndProject
Project("{FAE04EC0-301F-11D3-BF4B-00C04F79EFBC}") = "KeyPairApp", "..\..\Technique\KeyPairApp\KeyPairApp.csproj", "{79DCA7F8-1E26-4575-997C-7061D687C0D4}"
EndProject
Project("{2150E333-8FDC-42A3-9474-1A3956D46DE8}") = "0.Head", "0.Head", "{C717F703-3CEA-4CD9-B5B3-D083E8FB1924}"
	ProjectSection(SolutionItems) = preProject
		Text.txt = Text.txt
	EndProjectSection
EndProject
Project("{FAE04EC0-301F-11D3-BF4B-00C04F79EFBC}") = "GenericT", "..\..\Technique\GenericT\GenericT.csproj", "{0DADD7F2-DDFA-412F-A70E-81701595C2A3}"
EndProject
Project("{2150E333-8FDC-42A3-9474-1A3956D46DE8}") = "Prj", "Prj", "{268C0805-CDDF-4939-AD33-BF7CD3C42A69}"
EndProject
Project("{FAE04EC0-301F-11D3-BF4B-00C04F79EFBC}") = "SearchTool", "..\..\Prj\SearchTool\SearchTool\SearchTool.csproj", "{3E8CFBF7-E764-432C-BAF5-DC867C6D9E4F}"
EndProject
Project("{2150E333-8FDC-42A3-9474-1A3956D46DE8}") = "Web", "Web", "{218CFFA3-F64B-43BC-9C60-81B6EFB77287}"
EndProject
Project("{9A19103F-16F7-4668-BE54-9A1E7A4F7556}") = "MyNetCore", "..\..\Web\NetCore\MyNetCore\MyNetCore.csproj", "{32CEC840-4561-493D-B53A-41BE87D5825D}"
EndProject
Project("{FAE04EC0-301F-11D3-BF4B-00C04F79EFBC}") = "EventHandlerApp", "..\..\Technique\EventHandlerApp\EventHandlerApp\EventHandlerApp.csproj", "{13BF8F3F-F42B-4B59-B306-19129F59D061}"
EndProject
Project("{FAE04EC0-301F-11D3-BF4B-00C04F79EFBC}") = "Ioc", "..\..\Technique\Ioc\Ioc\Ioc.csproj", "{284F1EBC-E76C-481F-8247-C5A8035E2A0C}"
EndProject
Project("{FAE04EC0-301F-11D3-BF4B-00C04F79EFBC}") = "EFDatabaseSqlite", "..\..\Technique\EFDatabaseSqlite\EFDatabaseSqlite\EFDatabaseSqlite.csproj", "{02D7BEBF-271D-4854-8D12-9D0BC6C7B5CF}"
EndProject
Project("{FAE04EC0-301F-11D3-BF4B-00C04F79EFBC}") = "EFDatabaseMysql", "..\..\Technique\EFDatabaseMysql\EFDatabaseMysql\EFDatabaseMysql.csproj", "{DFAD05C6-E848-4DBF-A2C3-A9FFF72609F7}"
EndProject
Project("{2150E333-8FDC-42A3-9474-1A3956D46DE8}") = "SmartSocket", "SmartSocket", "{F9E98DA3-030D-4D37-8EBB-4139B6E1EAF8}"
EndProject
Project("{FAE04EC0-301F-11D3-BF4B-00C04F79EFBC}") = "SmartServer", "..\..\Prj\SmartSocket\SmartServer\SmartServer.csproj", "{F4044915-81FD-4008-B7D5-C941CBDD9CCA}"
EndProject
Project("{FAE04EC0-301F-11D3-BF4B-00C04F79EFBC}") = "SmartClient", "..\..\Prj\SmartSocket\SmartClient\SmartClient.csproj", "{2B7C2090-A910-410E-8043-E6B3937C3E30}"
EndProject
Project("{2150E333-8FDC-42A3-9474-1A3956D46DE8}") = "Examination", "Examination", "{A6BA9C36-9F99-4A04-95DC-F598FA01FBFF}"
EndProject
Project("{FAE04EC0-301F-11D3-BF4B-00C04F79EFBC}") = "LeetCode_Task_1114", "..\..\Examination\LeetCode_Task_1114\LeetCode_Task_1114.csproj", "{D2E397CD-93D3-4676-A252-3528A043E67F}"
EndProject
Project("{FAE04EC0-301F-11D3-BF4B-00C04F79EFBC}") = "LeetCode_Task_1115", "..\..\Examination\LeetCode_Task_1115\LeetCode_Task_1115.csproj", "{12376F66-A482-4FBF-BDF0-B8E16D1CF083}"
EndProject
Project("{FAE04EC0-301F-11D3-BF4B-00C04F79EFBC}") = "LinqApp", "..\..\Technique\LinqApp\LinqApp\LinqApp.csproj", "{A89AFCF9-6B1B-4391-8E90-12E7EB6455A2}"
EndProject
Project("{FAE04EC0-301F-11D3-BF4B-00C04F79EFBC}") = "MaximumSubarraySum", "..\..\Examination\CodeWars_Algorithm_MaximumSubarraySum\MaximumSubarraySum\MaximumSubarraySum.csproj", "{F20A63AD-CA95-4B71-A9D9-0B57C51F96F9}"
EndProject
Global
	GlobalSection(SolutionConfigurationPlatforms) = preSolution
		Debug|Any CPU = Debug|Any CPU
		Release|Any CPU = Release|Any CPU
	EndGlobalSection
	GlobalSection(ProjectConfigurationPlatforms) = postSolution
		{0DBA62ED-DEF9-437E-B3A2-32CA1D1A3E13}.Debug|Any CPU.ActiveCfg = Debug|Any CPU
		{0DBA62ED-DEF9-437E-B3A2-32CA1D1A3E13}.Debug|Any CPU.Build.0 = Debug|Any CPU
		{0DBA62ED-DEF9-437E-B3A2-32CA1D1A3E13}.Release|Any CPU.ActiveCfg = Release|Any CPU
		{0DBA62ED-DEF9-437E-B3A2-32CA1D1A3E13}.Release|Any CPU.Build.0 = Release|Any CPU
		{14D99CCD-C79A-4B0C-949D-BDC568463C0F}.Debug|Any CPU.ActiveCfg = Debug|Any CPU
		{14D99CCD-C79A-4B0C-949D-BDC568463C0F}.Debug|Any CPU.Build.0 = Debug|Any CPU
		{14D99CCD-C79A-4B0C-949D-BDC568463C0F}.Release|Any CPU.ActiveCfg = Release|Any CPU
		{14D99CCD-C79A-4B0C-949D-BDC568463C0F}.Release|Any CPU.Build.0 = Release|Any CPU
		{1B2E8ACA-A35A-43CA-9025-ED6B16FB2A7D}.Debug|Any CPU.ActiveCfg = Debug|Any CPU
		{1B2E8ACA-A35A-43CA-9025-ED6B16FB2A7D}.Debug|Any CPU.Build.0 = Debug|Any CPU
		{1B2E8ACA-A35A-43CA-9025-ED6B16FB2A7D}.Release|Any CPU.ActiveCfg = Release|Any CPU
		{1B2E8ACA-A35A-43CA-9025-ED6B16FB2A7D}.Release|Any CPU.Build.0 = Release|Any CPU
		{79DCA7F8-1E26-4575-997C-7061D687C0D4}.Debug|Any CPU.ActiveCfg = Debug|Any CPU
		{79DCA7F8-1E26-4575-997C-7061D687C0D4}.Debug|Any CPU.Build.0 = Debug|Any CPU
		{79DCA7F8-1E26-4575-997C-7061D687C0D4}.Release|Any CPU.ActiveCfg = Release|Any CPU
		{79DCA7F8-1E26-4575-997C-7061D687C0D4}.Release|Any CPU.Build.0 = Release|Any CPU
		{0DADD7F2-DDFA-412F-A70E-81701595C2A3}.Debug|Any CPU.ActiveCfg = Debug|Any CPU
		{0DADD7F2-DDFA-412F-A70E-81701595C2A3}.Debug|Any CPU.Build.0 = Debug|Any CPU
		{0DADD7F2-DDFA-412F-A70E-81701595C2A3}.Release|Any CPU.ActiveCfg = Release|Any CPU
		{0DADD7F2-DDFA-412F-A70E-81701595C2A3}.Release|Any CPU.Build.0 = Release|Any CPU
		{3E8CFBF7-E764-432C-BAF5-DC867C6D9E4F}.Debug|Any CPU.ActiveCfg = Debug|Any CPU
		{3E8CFBF7-E764-432C-BAF5-DC867C6D9E4F}.Debug|Any CPU.Build.0 = Debug|Any CPU
		{3E8CFBF7-E764-432C-BAF5-DC867C6D9E4F}.Release|Any CPU.ActiveCfg = Release|Any CPU
		{3E8CFBF7-E764-432C-BAF5-DC867C6D9E4F}.Release|Any CPU.Build.0 = Release|Any CPU
		{32CEC840-4561-493D-B53A-41BE87D5825D}.Debug|Any CPU.ActiveCfg = Debug|Any CPU
		{32CEC840-4561-493D-B53A-41BE87D5825D}.Debug|Any CPU.Build.0 = Debug|Any CPU
		{32CEC840-4561-493D-B53A-41BE87D5825D}.Release|Any CPU.ActiveCfg = Release|Any CPU
		{32CEC840-4561-493D-B53A-41BE87D5825D}.Release|Any CPU.Build.0 = Release|Any CPU
		{13BF8F3F-F42B-4B59-B306-19129F59D061}.Debug|Any CPU.ActiveCfg = Debug|Any CPU
		{13BF8F3F-F42B-4B59-B306-19129F59D061}.Debug|Any CPU.Build.0 = Debug|Any CPU
		{13BF8F3F-F42B-4B59-B306-19129F59D061}.Release|Any CPU.ActiveCfg = Release|Any CPU
		{13BF8F3F-F42B-4B59-B306-19129F59D061}.Release|Any CPU.Build.0 = Release|Any CPU
		{284F1EBC-E76C-481F-8247-C5A8035E2A0C}.Debug|Any CPU.ActiveCfg = Debug|Any CPU
		{284F1EBC-E76C-481F-8247-C5A8035E2A0C}.Debug|Any CPU.Build.0 = Debug|Any CPU
		{284F1EBC-E76C-481F-8247-C5A8035E2A0C}.Release|Any CPU.ActiveCfg = Release|Any CPU
		{284F1EBC-E76C-481F-8247-C5A8035E2A0C}.Release|Any CPU.Build.0 = Release|Any CPU
		{02D7BEBF-271D-4854-8D12-9D0BC6C7B5CF}.Debug|Any CPU.ActiveCfg = Debug|Any CPU
		{02D7BEBF-271D-4854-8D12-9D0BC6C7B5CF}.Debug|Any CPU.Build.0 = Debug|Any CPU
		{02D7BEBF-271D-4854-8D12-9D0BC6C7B5CF}.Release|Any CPU.ActiveCfg = Release|Any CPU
		{02D7BEBF-271D-4854-8D12-9D0BC6C7B5CF}.Release|Any CPU.Build.0 = Release|Any CPU
		{DFAD05C6-E848-4DBF-A2C3-A9FFF72609F7}.Debug|Any CPU.ActiveCfg = Debug|Any CPU
		{DFAD05C6-E848-4DBF-A2C3-A9FFF72609F7}.Debug|Any CPU.Build.0 = Debug|Any CPU
		{DFAD05C6-E848-4DBF-A2C3-A9FFF72609F7}.Release|Any CPU.ActiveCfg = Release|Any CPU
		{DFAD05C6-E848-4DBF-A2C3-A9FFF72609F7}.Release|Any CPU.Build.0 = Release|Any CPU
		{F4044915-81FD-4008-B7D5-C941CBDD9CCA}.Debug|Any CPU.ActiveCfg = Debug|Any CPU
		{F4044915-81FD-4008-B7D5-C941CBDD9CCA}.Debug|Any CPU.Build.0 = Debug|Any CPU
		{F4044915-81FD-4008-B7D5-C941CBDD9CCA}.Release|Any CPU.ActiveCfg = Release|Any CPU
		{F4044915-81FD-4008-B7D5-C941CBDD9CCA}.Release|Any CPU.Build.0 = Release|Any CPU
		{2B7C2090-A910-410E-8043-E6B3937C3E30}.Debug|Any CPU.ActiveCfg = Debug|Any CPU
		{2B7C2090-A910-410E-8043-E6B3937C3E30}.Debug|Any CPU.Build.0 = Debug|Any CPU
		{2B7C2090-A910-410E-8043-E6B3937C3E30}.Release|Any CPU.ActiveCfg = Release|Any CPU
		{2B7C2090-A910-410E-8043-E6B3937C3E30}.Release|Any CPU.Build.0 = Release|Any CPU
		{D2E397CD-93D3-4676-A252-3528A043E67F}.Debug|Any CPU.ActiveCfg = Debug|Any CPU
		{D2E397CD-93D3-4676-A252-3528A043E67F}.Debug|Any CPU.Build.0 = Debug|Any CPU
		{D2E397CD-93D3-4676-A252-3528A043E67F}.Release|Any CPU.ActiveCfg = Release|Any CPU
		{D2E397CD-93D3-4676-A252-3528A043E67F}.Release|Any CPU.Build.0 = Release|Any CPU
		{12376F66-A482-4FBF-BDF0-B8E16D1CF083}.Debug|Any CPU.ActiveCfg = Debug|Any CPU
		{12376F66-A482-4FBF-BDF0-B8E16D1CF083}.Debug|Any CPU.Build.0 = Debug|Any CPU
		{12376F66-A482-4FBF-BDF0-B8E16D1CF083}.Release|Any CPU.ActiveCfg = Release|Any CPU
		{12376F66-A482-4FBF-BDF0-B8E16D1CF083}.Release|Any CPU.Build.0 = Release|Any CPU
		{A89AFCF9-6B1B-4391-8E90-12E7EB6455A2}.Debug|Any CPU.ActiveCfg = Debug|Any CPU
		{A89AFCF9-6B1B-4391-8E90-12E7EB6455A2}.Debug|Any CPU.Build.0 = Debug|Any CPU
		{A89AFCF9-6B1B-4391-8E90-12E7EB6455A2}.Release|Any CPU.ActiveCfg = Release|Any CPU
		{A89AFCF9-6B1B-4391-8E90-12E7EB6455A2}.Release|Any CPU.Build.0 = Release|Any CPU
		{F20A63AD-CA95-4B71-A9D9-0B57C51F96F9}.Debug|Any CPU.ActiveCfg = Debug|Any CPU
		{F20A63AD-CA95-4B71-A9D9-0B57C51F96F9}.Debug|Any CPU.Build.0 = Debug|Any CPU
		{F20A63AD-CA95-4B71-A9D9-0B57C51F96F9}.Release|Any CPU.ActiveCfg = Release|Any CPU
		{F20A63AD-CA95-4B71-A9D9-0B57C51F96F9}.Release|Any CPU.Build.0 = Release|Any CPU
	EndGlobalSection
	GlobalSection(SolutionProperties) = preSolution
		HideSolutionNode = FALSE
	EndGlobalSection
	GlobalSection(NestedProjects) = preSolution
		{14D99CCD-C79A-4B0C-949D-BDC568463C0F} = {04B50EF6-1C1F-496A-9554-F173C9A1314C}
		{1B2E8ACA-A35A-43CA-9025-ED6B16FB2A7D} = {04B50EF6-1C1F-496A-9554-F173C9A1314C}
		{79DCA7F8-1E26-4575-997C-7061D687C0D4} = {04B50EF6-1C1F-496A-9554-F173C9A1314C}
		{0DADD7F2-DDFA-412F-A70E-81701595C2A3} = {04B50EF6-1C1F-496A-9554-F173C9A1314C}
		{3E8CFBF7-E764-432C-BAF5-DC867C6D9E4F} = {268C0805-CDDF-4939-AD33-BF7CD3C42A69}
		{32CEC840-4561-493D-B53A-41BE87D5825D} = {218CFFA3-F64B-43BC-9C60-81B6EFB77287}
		{13BF8F3F-F42B-4B59-B306-19129F59D061} = {04B50EF6-1C1F-496A-9554-F173C9A1314C}
		{284F1EBC-E76C-481F-8247-C5A8035E2A0C} = {04B50EF6-1C1F-496A-9554-F173C9A1314C}
		{02D7BEBF-271D-4854-8D12-9D0BC6C7B5CF} = {04B50EF6-1C1F-496A-9554-F173C9A1314C}
		{DFAD05C6-E848-4DBF-A2C3-A9FFF72609F7} = {04B50EF6-1C1F-496A-9554-F173C9A1314C}
		{F9E98DA3-030D-4D37-8EBB-4139B6E1EAF8} = {268C0805-CDDF-4939-AD33-BF7CD3C42A69}
		{F4044915-81FD-4008-B7D5-C941CBDD9CCA} = {F9E98DA3-030D-4D37-8EBB-4139B6E1EAF8}
		{2B7C2090-A910-410E-8043-E6B3937C3E30} = {F9E98DA3-030D-4D37-8EBB-4139B6E1EAF8}
		{D2E397CD-93D3-4676-A252-3528A043E67F} = {A6BA9C36-9F99-4A04-95DC-F598FA01FBFF}
		{12376F66-A482-4FBF-BDF0-B8E16D1CF083} = {A6BA9C36-9F99-4A04-95DC-F598FA01FBFF}
		{A89AFCF9-6B1B-4391-8E90-12E7EB6455A2} = {04B50EF6-1C1F-496A-9554-F173C9A1314C}
		{F20A63AD-CA95-4B71-A9D9-0B57C51F96F9} = {A6BA9C36-9F99-4A04-95DC-F598FA01FBFF}
	EndGlobalSection
	GlobalSection(ExtensibilityGlobals) = postSolution
		SolutionGuid = {29CFFAE6-0200-4CB0-BF82-9AFF38CB34BE}
	EndGlobalSection
EndGlobal
